
Microsoft Visual Studio Solution File, Format Version 12.00
# Visual Studio Version 17
VisualStudioVersion = 17.11.35222.181
MinimumVisualStudioVersion = 10.0.40219.1
Project("{FAE04EC0-301F-11D3-BF4B-00C04F79EFBC}") = "TomasosPizzeria", "TomasosPizzeria\TomasosPizzeria.csproj", "{9661A186-5EC8-4503-A31E-B49D4CC807A6}"
EndProject
Global
	GlobalSection(SolutionConfigurationPlatforms) = preSolution
		Debug|Any CPU = Debug|Any CPU
		Release|Any CPU = Release|Any CPU
	EndGlobalSection
	GlobalSection(ProjectConfigurationPlatforms) = postSolution
		{9661A186-5EC8-4503-A31E-B49D4CC807A6}.Debug|Any CPU.ActiveCfg = Debug|Any CPU
		{9661A186-5EC8-4503-A31E-B49D4CC807A6}.Debug|Any CPU.Build.0 = Debug|Any CPU
		{9661A186-5EC8-4503-A31E-B49D4CC807A6}.Release|Any CPU.ActiveCfg = Release|Any CPU
		{9661A186-5EC8-4503-A31E-B49D4CC807A6}.Release|Any CPU.Build.0 = Release|Any CPU
	EndGlobalSection
	GlobalSection(SolutionProperties) = preSolution
		HideSolutionNode = FALSE
	EndGlobalSection
	GlobalSection(ExtensibilityGlobals) = postSolution
		SolutionGuid = {E93FD3AF-6A51-4708-A9DF-2E699E4467A5}
	EndGlobalSection
EndGlobal
